
Microsoft Visual Studio Solution File, Format Version 12.00
# Visual Studio Version 17
VisualStudioVersion = 17.14.36127.28
MinimumVisualStudioVersion = 10.0.40219.1
Project("{FAE04EC0-301F-11D3-BF4B-00C04F79EFBC}") = "Presentation.Web", "EsteroidesToDo\Presentation.Web.csproj", "{AAA7739D-68B4-404F-9854-667DFB47181F}"
EndProject
Project("{FAE04EC0-301F-11D3-BF4B-00C04F79EFBC}") = "EsteroidesToDo.Application", "EsteroidesToDo.Application\EsteroidesToDo.Application.csproj", "{7C853E9C-CE79-40DD-A41E-23B20E2D19DB}"
EndProject
Project("{FAE04EC0-301F-11D3-BF4B-00C04F79EFBC}") = "EsteroidesToDo.Infrastructure", "EsteroidesToDo.Infrastructure\EsteroidesToDo.Infrastructure.csproj", "{34143173-198A-4FE7-B399-7FC3E6C2AF82}"
EndProject
Project("{FAE04EC0-301F-11D3-BF4B-00C04F79EFBC}") = "EsteroidesToDo.Domain", "EsteroidesToDo.Domain\EsteroidesToDo.Domain.csproj", "{7D4F3D69-40CC-4D31-BC52-EFDC239228C9}"
EndProject
Global
	GlobalSection(SolutionConfigurationPlatforms) = preSolution
		Debug|Any CPU = Debug|Any CPU
		Release|Any CPU = Release|Any CPU
	EndGlobalSection
	GlobalSection(ProjectConfigurationPlatforms) = postSolution
		{AAA7739D-68B4-404F-9854-667DFB47181F}.Debug|Any CPU.ActiveCfg = Debug|Any CPU
		{AAA7739D-68B4-404F-9854-667DFB47181F}.Debug|Any CPU.Build.0 = Debug|Any CPU
		{AAA7739D-68B4-404F-9854-667DFB47181F}.Release|Any CPU.ActiveCfg = Release|Any CPU
		{AAA7739D-68B4-404F-9854-667DFB47181F}.Release|Any CPU.Build.0 = Release|Any CPU
		{7C853E9C-CE79-40DD-A41E-23B20E2D19DB}.Debug|Any CPU.ActiveCfg = Debug|Any CPU
		{7C853E9C-CE79-40DD-A41E-23B20E2D19DB}.Debug|Any CPU.Build.0 = Debug|Any CPU
		{7C853E9C-CE79-40DD-A41E-23B20E2D19DB}.Release|Any CPU.ActiveCfg = Release|Any CPU
		{7C853E9C-CE79-40DD-A41E-23B20E2D19DB}.Release|Any CPU.Build.0 = Release|Any CPU
		{34143173-198A-4FE7-B399-7FC3E6C2AF82}.Debug|Any CPU.ActiveCfg = Debug|Any CPU
		{34143173-198A-4FE7-B399-7FC3E6C2AF82}.Debug|Any CPU.Build.0 = Debug|Any CPU
		{34143173-198A-4FE7-B399-7FC3E6C2AF82}.Release|Any CPU.ActiveCfg = Release|Any CPU
		{34143173-198A-4FE7-B399-7FC3E6C2AF82}.Release|Any CPU.Build.0 = Release|Any CPU
		{7D4F3D69-40CC-4D31-BC52-EFDC239228C9}.Debug|Any CPU.ActiveCfg = Debug|Any CPU
		{7D4F3D69-40CC-4D31-BC52-EFDC239228C9}.Debug|Any CPU.Build.0 = Debug|Any CPU
		{7D4F3D69-40CC-4D31-BC52-EFDC239228C9}.Release|Any CPU.ActiveCfg = Release|Any CPU
		{7D4F3D69-40CC-4D31-BC52-EFDC239228C9}.Release|Any CPU.Build.0 = Release|Any CPU
	EndGlobalSection
	GlobalSection(SolutionProperties) = preSolution
		HideSolutionNode = FALSE
	EndGlobalSection
	GlobalSection(ExtensibilityGlobals) = postSolution
		SolutionGuid = {EB716B8C-E2F2-4D96-B133-C58333345005}
	EndGlobalSection
EndGlobal
